// !$*UTF8*$!
{
	archiveVersion = 1;
	classes = {
	};
	objectVersion = 50;
	objects = {

/* Begin PBXBuildFile section */
		B22D0891276B6A4B001F0BF9 /* AppDelegate.swift in Sources */ = {isa = PBXBuildFile; fileRef = B22D0890276B6A4B001F0BF9 /* AppDelegate.swift */; };
		B22D0893276B6A4B001F0BF9 /* SceneDelegate.swift in Sources */ = {isa = PBXBuildFile; fileRef = B22D0892276B6A4B001F0BF9 /* SceneDelegate.swift */; };
		B22D0895276B6A4B001F0BF9 /* ViewController.swift in Sources */ = {isa = PBXBuildFile; fileRef = B22D0894276B6A4B001F0BF9 /* ViewController.swift */; };
		B22D0898276B6A4B001F0BF9 /* Main.storyboard in Resources */ = {isa = PBXBuildFile; fileRef = B22D0896276B6A4B001F0BF9 /* Main.storyboard */; };
		B22D089A276B6A50001F0BF9 /* Assets.xcassets in Resources */ = {isa = PBXBuildFile; fileRef = B22D0899276B6A50001F0BF9 /* Assets.xcassets */; };
		B22D089D276B6A50001F0BF9 /* LaunchScreen.storyboard in Resources */ = {isa = PBXBuildFile; fileRef = B22D089B276B6A50001F0BF9 /* LaunchScreen.storyboard */; };
		B22D08A8276B6A50001F0BF9 /* PackageTrackingApp_1_0Tests.swift in Sources */ = {isa = PBXBuildFile; fileRef = B22D08A7276B6A50001F0BF9 /* PackageTrackingApp_1_0Tests.swift */; };
		B22D08B3276B6A50001F0BF9 /* PackageTrackingApp_1_0UITests.swift in Sources */ = {isa = PBXBuildFile; fileRef = B22D08B2276B6A50001F0BF9 /* PackageTrackingApp_1_0UITests.swift */; };
/* End PBXBuildFile section */

/* Begin PBXContainerItemProxy section */
		B22D08A4276B6A50001F0BF9 /* PBXContainerItemProxy */ = {
			isa = PBXContainerItemProxy;
			containerPortal = B22D0885276B6A4B001F0BF9 /* Project object */;
			proxyType = 1;
			remoteGlobalIDString = B22D088C276B6A4B001F0BF9;
			remoteInfo = "PackageTrackingApp 1.0";
		};
		B22D08AF276B6A50001F0BF9 /* PBXContainerItemProxy */ = {
			isa = PBXContainerItemProxy;
			containerPortal = B22D0885276B6A4B001F0BF9 /* Project object */;
			proxyType = 1;
			remoteGlobalIDString = B22D088C276B6A4B001F0BF9;
			remoteInfo = "PackageTrackingApp 1.0";
		};
/* End PBXContainerItemProxy section */

/* Begin PBXFileReference section */
		B22D088D276B6A4B001F0BF9 /* PackageTrackingApp 1.0.app */ = {isa = PBXFileReference; explicitFileType = wrapper.application; includeInIndex = 0; path = "PackageTrackingApp 1.0.app"; sourceTree = BUILT_PRODUCTS_DIR; };
		B22D0890276B6A4B001F0BF9 /* AppDelegate.swift */ = {isa = PBXFileReference; lastKnownFileType = sourcecode.swift; path = AppDelegate.swift; sourceTree = "<group>"; };
		B22D0892276B6A4B001F0BF9 /* SceneDelegate.swift */ = {isa = PBXFileReference; lastKnownFileType = sourcecode.swift; path = SceneDelegate.swift; sourceTree = "<group>"; };
		B22D0894276B6A4B001F0BF9 /* ViewController.swift */ = {isa = PBXFileReference; lastKnownFileType = sourcecode.swift; path = ViewController.swift; sourceTree = "<group>"; };
		B22D0897276B6A4B001F0BF9 /* Base */ = {isa = PBXFileReference; lastKnownFileType = file.storyboard; name = Base; path = Base.lproj/Main.storyboard; sourceTree = "<group>"; };
		B22D0899276B6A50001F0BF9 /* Assets.xcassets */ = {isa = PBXFileReference; lastKnownFileType = folder.assetcatalog; path = Assets.xcassets; sourceTree = "<group>"; };
		B22D089C276B6A50001F0BF9 /* Base */ = {isa = PBXFileReference; lastKnownFileType = file.storyboard; name = Base; path = Base.lproj/LaunchScreen.storyboard; sourceTree = "<group>"; };
		B22D089E276B6A50001F0BF9 /* Info.plist */ = {isa = PBXFileReference; lastKnownFileType = text.plist.xml; path = Info.plist; sourceTree = "<group>"; };
		B22D08A3276B6A50001F0BF9 /* PackageTrackingApp 1.0Tests.xctest */ = {isa = PBXFileReference; explicitFileType = wrapper.cfbundle; includeInIndex = 0; path = "PackageTrackingApp 1.0Tests.xctest"; sourceTree = BUILT_PRODUCTS_DIR; };
		B22D08A7276B6A50001F0BF9 /* PackageTrackingApp_1_0Tests.swift */ = {isa = PBXFileReference; lastKnownFileType = sourcecode.swift; path = PackageTrackingApp_1_0Tests.swift; sourceTree = "<group>"; };
		B22D08A9276B6A50001F0BF9 /* Info.plist */ = {isa = PBXFileReference; lastKnownFileType = text.plist.xml; path = Info.plist; sourceTree = "<group>"; };
		B22D08AE276B6A50001F0BF9 /* PackageTrackingApp 1.0UITests.xctest */ = {isa = PBXFileReference; explicitFileType = wrapper.cfbundle; includeInIndex = 0; path = "PackageTrackingApp 1.0UITests.xctest"; sourceTree = BUILT_PRODUCTS_DIR; };
		B22D08B2276B6A50001F0BF9 /* PackageTrackingApp_1_0UITests.swift */ = {isa = PBXFileReference; lastKnownFileType = sourcecode.swift; path = PackageTrackingApp_1_0UITests.swift; sourceTree = "<group>"; };
		B22D08B4276B6A50001F0BF9 /* Info.plist */ = {isa = PBXFileReference; lastKnownFileType = text.plist.xml; path = Info.plist; sourceTree = "<group>"; };
/* End PBXFileReference section */

/* Begin PBXFrameworksBuildPhase section */
		B22D088A276B6A4B001F0BF9 /* Frameworks */ = {
			isa = PBXFrameworksBuildPhase;
			buildActionMask = 2147483647;
			files = (
			);
			runOnlyForDeploymentPostprocessing = 0;
		};
		B22D08A0276B6A50001F0BF9 /* Frameworks */ = {
			isa = PBXFrameworksBuildPhase;
			buildActionMask = 2147483647;
			files = (
			);
			runOnlyForDeploymentPostprocessing = 0;
		};
		B22D08AB276B6A50001F0BF9 /* Frameworks */ = {
			isa = PBXFrameworksBuildPhase;
			buildActionMask = 2147483647;
			files = (
			);
			runOnlyForDeploymentPostprocessing = 0;
		};
/* End PBXFrameworksBuildPhase section */

/* Begin PBXGroup section */
		B22D0884276B6A4B001F0BF9 = {
			isa = PBXGroup;
			children = (
				B22D088F276B6A4B001F0BF9 /* PackageTrackingApp 1.0 */,
				B22D08A6276B6A50001F0BF9 /* PackageTrackingApp 1.0Tests */,
				B22D08B1276B6A50001F0BF9 /* PackageTrackingApp 1.0UITests */,
				B22D088E276B6A4B001F0BF9 /* Products */,
			);
			sourceTree = "<group>";
		};
		B22D088E276B6A4B001F0BF9 /* Products */ = {
			isa = PBXGroup;
			children = (
				B22D088D276B6A4B001F0BF9 /* PackageTrackingApp 1.0.app */,
				B22D08A3276B6A50001F0BF9 /* PackageTrackingApp 1.0Tests.xctest */,
				B22D08AE276B6A50001F0BF9 /* PackageTrackingApp 1.0UITests.xctest */,
			);
			name = Products;
			sourceTree = "<group>";
		};
		B22D088F276B6A4B001F0BF9 /* PackageTrackingApp 1.0 */ = {
			isa = PBXGroup;
			children = (
				B22D0890276B6A4B001F0BF9 /* AppDelegate.swift */,
				B22D0892276B6A4B001F0BF9 /* SceneDelegate.swift */,
				B22D0894276B6A4B001F0BF9 /* ViewController.swift */,
				B22D0896276B6A4B001F0BF9 /* Main.storyboard */,
				B22D0899276B6A50001F0BF9 /* Assets.xcassets */,
				B22D089B276B6A50001F0BF9 /* LaunchScreen.storyboard */,
				B22D089E276B6A50001F0BF9 /* Info.plist */,
			);
			path = "PackageTrackingApp 1.0";
			sourceTree = "<group>";
		};
		B22D08A6276B6A50001F0BF9 /* PackageTrackingApp 1.0Tests */ = {
			isa = PBXGroup;
			children = (
				B22D08A7276B6A50001F0BF9 /* PackageTrackingApp_1_0Tests.swift */,
				B22D08A9276B6A50001F0BF9 /* Info.plist */,
			);
			path = "PackageTrackingApp 1.0Tests";
			sourceTree = "<group>";
		};
		B22D08B1276B6A50001F0BF9 /* PackageTrackingApp 1.0UITests */ = {
			isa = PBXGroup;
			children = (
				B22D08B2276B6A50001F0BF9 /* PackageTrackingApp_1_0UITests.swift */,
				B22D08B4276B6A50001F0BF9 /* Info.plist */,
			);
			path = "PackageTrackingApp 1.0UITests";
			sourceTree = "<group>";
		};
/* End PBXGroup section */

/* Begin PBXNativeTarget section */
		B22D088C276B6A4B001F0BF9 /* PackageTrackingApp 1.0 */ = {
			isa = PBXNativeTarget;
			buildConfigurationList = B22D08B7276B6A50001F0BF9 /* Build configuration list for PBXNativeTarget "PackageTrackingApp 1.0" */;
			buildPhases = (
				B22D0889276B6A4B001F0BF9 /* Sources */,
				B22D088A276B6A4B001F0BF9 /* Frameworks */,
				B22D088B276B6A4B001F0BF9 /* Resources */,
			);
			buildRules = (
			);
			dependencies = (
			);
			name = "PackageTrackingApp 1.0";
			productName = "PackageTrackingApp 1.0";
			productReference = B22D088D276B6A4B001F0BF9 /* PackageTrackingApp 1.0.app */;
			productType = "com.apple.product-type.application";
		};
		B22D08A2276B6A50001F0BF9 /* PackageTrackingApp 1.0Tests */ = {
			isa = PBXNativeTarget;
			buildConfigurationList = B22D08BA276B6A50001F0BF9 /* Build configuration list for PBXNativeTarget "PackageTrackingApp 1.0Tests" */;
			buildPhases = (
				B22D089F276B6A50001F0BF9 /* Sources */,
				B22D08A0276B6A50001F0BF9 /* Frameworks */,
				B22D08A1276B6A50001F0BF9 /* Resources */,
			);
			buildRules = (
			);
			dependencies = (
				B22D08A5276B6A50001F0BF9 /* PBXTargetDependency */,
			);
			name = "PackageTrackingApp 1.0Tests";
			productName = "PackageTrackingApp 1.0Tests";
			productReference = B22D08A3276B6A50001F0BF9 /* PackageTrackingApp 1.0Tests.xctest */;
			productType = "com.apple.product-type.bundle.unit-test";
		};
		B22D08AD276B6A50001F0BF9 /* PackageTrackingApp 1.0UITests */ = {
			isa = PBXNativeTarget;
			buildConfigurationList = B22D08BD276B6A50001F0BF9 /* Build configuration list for PBXNativeTarget "PackageTrackingApp 1.0UITests" */;
			buildPhases = (
				B22D08AA276B6A50001F0BF9 /* Sources */,
				B22D08AB276B6A50001F0BF9 /* Frameworks */,
				B22D08AC276B6A50001F0BF9 /* Resources */,
			);
			buildRules = (
			);
			dependencies = (
				B22D08B0276B6A50001F0BF9 /* PBXTargetDependency */,
			);
			name = "PackageTrackingApp 1.0UITests";
			productName = "PackageTrackingApp 1.0UITests";
			productReference = B22D08AE276B6A50001F0BF9 /* PackageTrackingApp 1.0UITests.xctest */;
			productType = "com.apple.product-type.bundle.ui-testing";
		};
/* End PBXNativeTarget section */

/* Begin PBXProject section */
		B22D0885276B6A4B001F0BF9 /* Project object */ = {
			isa = PBXProject;
			attributes = {
				LastSwiftUpdateCheck = 1250;
				LastUpgradeCheck = 1250;
				TargetAttributes = {
					B22D088C276B6A4B001F0BF9 = {
						CreatedOnToolsVersion = 12.5.1;
					};
					B22D08A2276B6A50001F0BF9 = {
						CreatedOnToolsVersion = 12.5.1;
						TestTargetID = B22D088C276B6A4B001F0BF9;
					};
					B22D08AD276B6A50001F0BF9 = {
						CreatedOnToolsVersion = 12.5.1;
						TestTargetID = B22D088C276B6A4B001F0BF9;
					};
				};
			};
			buildConfigurationList = B22D0888276B6A4B001F0BF9 /* Build configuration list for PBXProject "PackageTrackingApp 1.0" */;
			compatibilityVersion = "Xcode 9.3";
			developmentRegion = en;
			hasScannedForEncodings = 0;
			knownRegions = (
				en,
				Base,
			);
			mainGroup = B22D0884276B6A4B001F0BF9;
			productRefGroup = B22D088E276B6A4B001F0BF9 /* Products */;
			projectDirPath = "";
			projectRoot = "";
			targets = (
				B22D088C276B6A4B001F0BF9 /* PackageTrackingApp 1.0 */,
				B22D08A2276B6A50001F0BF9 /* PackageTrackingApp 1.0Tests */,
				B22D08AD276B6A50001F0BF9 /* PackageTrackingApp 1.0UITests */,
			);
		};
/* End PBXProject section */

/* Begin PBXResourcesBuildPhase section */
		B22D088B276B6A4B001F0BF9 /* Resources */ = {
			isa = PBXResourcesBuildPhase;
			buildActionMask = 2147483647;
			files = (
				B22D089D276B6A50001F0BF9 /* LaunchScreen.storyboard in Resources */,
				B22D089A276B6A50001F0BF9 /* Assets.xcassets in Resources */,
				B22D0898276B6A4B001F0BF9 /* Main.storyboard in Resources */,
			);
			runOnlyForDeploymentPostprocessing = 0;
		};
		B22D08A1276B6A50001F0BF9 /* Resources */ = {
			isa = PBXResourcesBuildPhase;
			buildActionMask = 2147483647;
			files = (
			);
			runOnlyForDeploymentPostprocessing = 0;
		};
		B22D08AC276B6A50001F0BF9 /* Resources */ = {
			isa = PBXResourcesBuildPhase;
			buildActionMask = 2147483647;
			files = (
			);
			runOnlyForDeploymentPostprocessing = 0;
		};
/* End PBXResourcesBuildPhase section */

/* Begin PBXSourcesBuildPhase section */
		B22D0889276B6A4B001F0BF9 /* Sources */ = {
			isa = PBXSourcesBuildPhase;
			buildActionMask = 2147483647;
			files = (
				B22D0895276B6A4B001F0BF9 /* ViewController.swift in Sources */,
				B22D0891276B6A4B001F0BF9 /* AppDelegate.swift in Sources */,
				B22D0893276B6A4B001F0BF9 /* SceneDelegate.swift in Sources */,
			);
			runOnlyForDeploymentPostprocessing = 0;
		};
		B22D089F276B6A50001F0BF9 /* Sources */ = {
			isa = PBXSourcesBuildPhase;
			buildActionMask = 2147483647;
			files = (
				B22D08A8276B6A50001F0BF9 /* PackageTrackingApp_1_0Tests.swift in Sources */,
			);
			runOnlyForDeploymentPostprocessing = 0;
		};
		B22D08AA276B6A50001F0BF9 /* Sources */ = {
			isa = PBXSourcesBuildPhase;
			buildActionMask = 2147483647;
			files = (
				B22D08B3276B6A50001F0BF9 /* PackageTrackingApp_1_0UITests.swift in Sources */,
			);
			runOnlyForDeploymentPostprocessing = 0;
		};
/* End PBXSourcesBuildPhase section */

/* Begin PBXTargetDependency section */
		B22D08A5276B6A50001F0BF9 /* PBXTargetDependency */ = {
			isa = PBXTargetDependency;
			target = B22D088C276B6A4B001F0BF9 /* PackageTrackingApp 1.0 */;
			targetProxy = B22D08A4276B6A50001F0BF9 /* PBXContainerItemProxy */;
		};
		B22D08B0276B6A50001F0BF9 /* PBXTargetDependency */ = {
			isa = PBXTargetDependency;
			target = B22D088C276B6A4B001F0BF9 /* PackageTrackingApp 1.0 */;
			targetProxy = B22D08AF276B6A50001F0BF9 /* PBXContainerItemProxy */;
		};
/* End PBXTargetDependency section */

/* Begin PBXVariantGroup section */
		B22D0896276B6A4B001F0BF9 /* Main.storyboard */ = {
			isa = PBXVariantGroup;
			children = (
				B22D0897276B6A4B001F0BF9 /* Base */,
			);
			name = Main.storyboard;
			sourceTree = "<group>";
		};
		B22D089B276B6A50001F0BF9 /* LaunchScreen.storyboard */ = {
			isa = PBXVariantGroup;
			children = (
				B22D089C276B6A50001F0BF9 /* Base */,
			);
			name = LaunchScreen.storyboard;
			sourceTree = "<group>";
		};
/* End PBXVariantGroup section */

/* Begin XCBuildConfiguration section */
		B22D08B5276B6A50001F0BF9 /* Debug */ = {
			isa = XCBuildConfiguration;
			buildSettings = {
				ALWAYS_SEARCH_USER_PATHS = NO;
				CLANG_ANALYZER_NONNULL = YES;
				CLANG_ANALYZER_NUMBER_OBJECT_CONVERSION = YES_AGGRESSIVE;
				CLANG_CXX_LANGUAGE_STANDARD = "gnu++14";
				CLANG_CXX_LIBRARY = "libc++";
				CLANG_ENABLE_MODULES = YES;
				CLANG_ENABLE_OBJC_ARC = YES;
				CLANG_ENABLE_OBJC_WEAK = YES;
				CLANG_WARN_BLOCK_CAPTURE_AUTORELEASING = YES;
				CLANG_WARN_BOOL_CONVERSION = YES;
				CLANG_WARN_COMMA = YES;
				CLANG_WARN_CONSTANT_CONVERSION = YES;
				CLANG_WARN_DEPRECATED_OBJC_IMPLEMENTATIONS = YES;
				CLANG_WARN_DIRECT_OBJC_ISA_USAGE = YES_ERROR;
				CLANG_WARN_DOCUMENTATION_COMMENTS = YES;
				CLANG_WARN_EMPTY_BODY = YES;
				CLANG_WARN_ENUM_CONVERSION = YES;
				CLANG_WARN_INFINITE_RECURSION = YES;
				CLANG_WARN_INT_CONVERSION = YES;
				CLANG_WARN_NON_LITERAL_NULL_CONVERSION = YES;
				CLANG_WARN_OBJC_IMPLICIT_RETAIN_SELF = YES;
				CLANG_WARN_OBJC_LITERAL_CONVERSION = YES;
				CLANG_WARN_OBJC_ROOT_CLASS = YES_ERROR;
				CLANG_WARN_QUOTED_INCLUDE_IN_FRAMEWORK_HEADER = YES;
				CLANG_WARN_RANGE_LOOP_ANALYSIS = YES;
				CLANG_WARN_STRICT_PROTOTYPES = YES;
				CLANG_WARN_SUSPICIOUS_MOVE = YES;
				CLANG_WARN_UNGUARDED_AVAILABILITY = YES_AGGRESSIVE;
				CLANG_WARN_UNREACHABLE_CODE = YES;
				CLANG_WARN__DUPLICATE_METHOD_MATCH = YES;
				COPY_PHASE_STRIP = NO;
				DEBUG_INFORMATION_FORMAT = dwarf;
				ENABLE_STRICT_OBJC_MSGSEND = YES;
				ENABLE_TESTABILITY = YES;
				GCC_C_LANGUAGE_STANDARD = gnu11;
				GCC_DYNAMIC_NO_PIC = NO;
				GCC_NO_COMMON_BLOCKS = YES;
				GCC_OPTIMIZATION_LEVEL = 0;
				GCC_PREPROCESSOR_DEFINITIONS = (
					"DEBUG=1",
					"$(inherited)",
				);
				GCC_WARN_64_TO_32_BIT_CONVERSION = YES;
				GCC_WARN_ABOUT_RETURN_TYPE = YES_ERROR;
				GCC_WARN_UNDECLARED_SELECTOR = YES;
				GCC_WARN_UNINITIALIZED_AUTOS = YES_AGGRESSIVE;
				GCC_WARN_UNUSED_FUNCTION = YES;
				GCC_WARN_UNUSED_VARIABLE = YES;
				IPHONEOS_DEPLOYMENT_TARGET = 14.5;
				MTL_ENABLE_DEBUG_INFO = INCLUDE_SOURCE;
				MTL_FAST_MATH = YES;
				ONLY_ACTIVE_ARCH = YES;
				SDKROOT = iphoneos;
				SWIFT_ACTIVE_COMPILATION_CONDITIONS = DEBUG;
				SWIFT_OPTIMIZATION_LEVEL = "-Onone";
			};
			name = Debug;
		};
		B22D08B6276B6A50001F0BF9 /* Release */ = {
			isa = XCBuildConfiguration;
			buildSettings = {
				ALWAYS_SEARCH_USER_PATHS = NO;
				CLANG_ANALYZER_NONNULL = YES;
				CLANG_ANALYZER_NUMBER_OBJECT_CONVERSION = YES_AGGRESSIVE;
				CLANG_CXX_LANGUAGE_STANDARD = "gnu++14";
				CLANG_CXX_LIBRARY = "libc++";
				CLANG_ENABLE_MODULES = YES;
				CLANG_ENABLE_OBJC_ARC = YES;
				CLANG_ENABLE_OBJC_WEAK = YES;
				CLANG_WARN_BLOCK_CAPTURE_AUTORELEASING = YES;
				CLANG_WARN_BOOL_CONVERSION = YES;
				CLANG_WARN_COMMA = YES;
				CLANG_WARN_CONSTANT_CONVERSION = YES;
				CLANG_WARN_DEPRECATED_OBJC_IMPLEMENTATIONS = YES;
				CLANG_WARN_DIRECT_OBJC_ISA_USAGE = YES_ERROR;
				CLANG_WARN_DOCUMENTATION_COMMENTS = YES;
				CLANG_WARN_EMPTY_BODY = YES;
				CLANG_WARN_ENUM_CONVERSION = YES;
				CLANG_WARN_INFINITE_RECURSION = YES;
				CLANG_WARN_INT_CONVERSION = YES;
				CLANG_WARN_NON_LITERAL_NULL_CONVERSION = YES;
				CLANG_WARN_OBJC_IMPLICIT_RETAIN_SELF = YES;
				CLANG_WARN_OBJC_LITERAL_CONVERSION = YES;
				CLANG_WARN_OBJC_ROOT_CLASS = YES_ERROR;
				CLANG_WARN_QUOTED_INCLUDE_IN_FRAMEWORK_HEADER = YES;
				CLANG_WARN_RANGE_LOOP_ANALYSIS = YES;
				CLANG_WARN_STRICT_PROTOTYPES = YES;
				CLANG_WARN_SUSPICIOUS_MOVE = YES;
				CLANG_WARN_UNGUARDED_AVAILABILITY = YES_AGGRESSIVE;
				CLANG_WARN_UNREACHABLE_CODE = YES;
				CLANG_WARN__DUPLICATE_METHOD_MATCH = YES;
				COPY_PHASE_STRIP = NO;
				DEBUG_INFORMATION_FORMAT = "dwarf-with-dsym";
				ENABLE_NS_ASSERTIONS = NO;
				ENABLE_STRICT_OBJC_MSGSEND = YES;
				GCC_C_LANGUAGE_STANDARD = gnu11;
				GCC_NO_COMMON_BLOCKS = YES;
				GCC_WARN_64_TO_32_BIT_CONVERSION = YES;
				GCC_WARN_ABOUT_RETURN_TYPE = YES_ERROR;
				GCC_WARN_UNDECLARED_SELECTOR = YES;
				GCC_WARN_UNINITIALIZED_AUTOS = YES_AGGRESSIVE;
				GCC_WARN_UNUSED_FUNCTION = YES;
				GCC_WARN_UNUSED_VARIABLE = YES;
				IPHONEOS_DEPLOYMENT_TARGET = 14.5;
				MTL_ENABLE_DEBUG_INFO = NO;
				MTL_FAST_MATH = YES;
				SDKROOT = iphoneos;
				SWIFT_COMPILATION_MODE = wholemodule;
				SWIFT_OPTIMIZATION_LEVEL = "-O";
				VALIDATE_PRODUCT = YES;
			};
			name = Release;
		};
		B22D08B8276B6A50001F0BF9 /* Debug */ = {
			isa = XCBuildConfiguration;
			buildSettings = {
				ASSETCATALOG_COMPILER_APPICON_NAME = AppIcon;
				ASSETCATALOG_COMPILER_GLOBAL_ACCENT_COLOR_NAME = AccentColor;
				CODE_SIGN_STYLE = Automatic;
				INFOPLIST_FILE = "PackageTrackingApp 1.0/Info.plist";
				LD_RUNPATH_SEARCH_PATHS = (
					"$(inherited)",
					"@executable_path/Frameworks",
				);
				PRODUCT_BUNDLE_IDENTIFIER = "Jayden.PackageTrackingApp-1-0";
				PRODUCT_NAME = "$(TARGET_NAME)";
				SWIFT_VERSION = 5.0;
				TARGETED_DEVICE_FAMILY = "1,2";
			};
			name = Debug;
		};
		B22D08B9276B6A50001F0BF9 /* Release */ = {
			isa = XCBuildConfiguration;
			buildSettings = {
				ASSETCATALOG_COMPILER_APPICON_NAME = AppIcon;
				ASSETCATALOG_COMPILER_GLOBAL_ACCENT_COLOR_NAME = AccentColor;
				CODE_SIGN_STYLE = Automatic;
				INFOPLIST_FILE = "PackageTrackingApp 1.0/Info.plist";
				LD_RUNPATH_SEARCH_PATHS = (
					"$(inherited)",
					"@executable_path/Frameworks",
				);
				PRODUCT_BUNDLE_IDENTIFIER = "Jayden.PackageTrackingApp-1-0";
				PRODUCT_NAME = "$(TARGET_NAME)";
				SWIFT_VERSION = 5.0;
				TARGETED_DEVICE_FAMILY = "1,2";
			};
			name = Release;
		};
		B22D08BB276B6A50001F0BF9 /* Debug */ = {
			isa = XCBuildConfiguration;
			buildSettings = {
				ALWAYS_EMBED_SWIFT_STANDARD_LIBRARIES = YES;
				BUNDLE_LOADER = "$(TEST_HOST)";
				CODE_SIGN_STYLE = Automatic;
				INFOPLIST_FILE = "PackageTrackingApp 1.0Tests/Info.plist";
				IPHONEOS_DEPLOYMENT_TARGET = 14.5;
				LD_RUNPATH_SEARCH_PATHS = (
					"$(inherited)",
					"@executable_path/Frameworks",
					"@loader_path/Frameworks",
				);
				PRODUCT_BUNDLE_IDENTIFIER = "Jayden.PackageTrackingApp-1-0Tests";
				PRODUCT_NAME = "$(TARGET_NAME)";
				SWIFT_VERSION = 5.0;
				TARGETED_DEVICE_FAMILY = "1,2";
				TEST_HOST = "$(BUILT_PRODUCTS_DIR)/PackageTrackingApp 1.0.app/PackageTrackingApp 1.0";
			};
			name = Debug;
		};
		B22D08BC276B6A50001F0BF9 /* Release */ = {
			isa = XCBuildConfiguration;
			buildSettings = {
				ALWAYS_EMBED_SWIFT_STANDARD_LIBRARIES = YES;
				BUNDLE_LOADER = "$(TEST_HOST)";
				CODE_SIGN_STYLE = Automatic;
				INFOPLIST_FILE = "PackageTrackingApp 1.0Tests/Info.plist";
				IPHONEOS_DEPLOYMENT_TARGET = 14.5;
				LD_RUNPATH_SEARCH_PATHS = (
					"$(inherited)",
					"@executable_path/Frameworks",
					"@loader_path/Frameworks",
				);
				PRODUCT_BUNDLE_IDENTIFIER = "Jayden.PackageTrackingApp-1-0Tests";
				PRODUCT_NAME = "$(TARGET_NAME)";
				SWIFT_VERSION = 5.0;
				TARGETED_DEVICE_FAMILY = "1,2";
				TEST_HOST = "$(BUILT_PRODUCTS_DIR)/PackageTrackingApp 1.0.app/PackageTrackingApp 1.0";
			};
			name = Release;
		};
		B22D08BE276B6A50001F0BF9 /* Debug */ = {
			isa = XCBuildConfiguration;
			buildSettings = {
				ALWAYS_EMBED_SWIFT_STANDARD_LIBRARIES = YES;
				CODE_SIGN_STYLE = Automatic;
				INFOPLIST_FILE = "PackageTrackingApp 1.0UITests/Info.plist";
				LD_RUNPATH_SEARCH_PATHS = (
					"$(inherited)",
					"@executable_path/Frameworks",
					"@loader_path/Frameworks",
				);
				PRODUCT_BUNDLE_IDENTIFIER = "Jayden.PackageTrackingApp-1-0UITests";
				PRODUCT_NAME = "$(TARGET_NAME)";
				SWIFT_VERSION = 5.0;
				TARGETED_DEVICE_FAMILY = "1,2";
				TEST_TARGET_NAME = "PackageTrackingApp 1.0";
			};
			name = Debug;
		};
		B22D08BF276B6A50001F0BF9 /* Release */ = {
			isa = XCBuildConfiguration;
			buildSettings = {
				ALWAYS_EMBED_SWIFT_STANDARD_LIBRARIES = YES;
				CODE_SIGN_STYLE = Automatic;
				INFOPLIST_FILE = "PackageTrackingApp 1.0UITests/Info.plist";
				LD_RUNPATH_SEARCH_PATHS = (
					"$(inherited)",
					"@executable_path/Frameworks",
					"@loader_path/Frameworks",
				);
				PRODUCT_BUNDLE_IDENTIFIER = "Jayden.PackageTrackingApp-1-0UITests";
				PRODUCT_NAME = "$(TARGET_NAME)";
				SWIFT_VERSION = 5.0;
				TARGETED_DEVICE_FAMILY = "1,2";
				TEST_TARGET_NAME = "PackageTrackingApp 1.0";
			};
			name = Release;
		};
/* End XCBuildConfiguration section */

/* Begin XCConfigurationList section */
		B22D0888276B6A4B001F0BF9 /* Build configuration list for PBXProject "PackageTrackingApp 1.0" */ = {
			isa = XCConfigurationList;
			buildConfigurations = (
				B22D08B5276B6A50001F0BF9 /* Debug */,
				B22D08B6276B6A50001F0BF9 /* Release */,
			);
			defaultConfigurationIsVisible = 0;
			defaultConfigurationName = Release;
		};
		B22D08B7276B6A50001F0BF9 /* Build configuration list for PBXNativeTarget "PackageTrackingApp 1.0" */ = {
			isa = XCConfigurationList;
			buildConfigurations = (
				B22D08B8276B6A50001F0BF9 /* Debug */,
				B22D08B9276B6A50001F0BF9 /* Release */,
			);
			defaultConfigurationIsVisible = 0;
			defaultConfigurationName = Release;
		};
		B22D08BA276B6A50001F0BF9 /* Build configuration list for PBXNativeTarget "PackageTrackingApp 1.0Tests" */ = {
			isa = XCConfigurationList;
			buildConfigurations = (
				B22D08BB276B6A50001F0BF9 /* Debug */,
				B22D08BC276B6A50001F0BF9 /* Release */,
			);
			defaultConfigurationIsVisible = 0;
			defaultConfigurationName = Release;
		};
		B22D08BD276B6A50001F0BF9 /* Build configuration list for PBXNativeTarget "PackageTrackingApp 1.0UITests" */ = {
			isa = XCConfigurationList;
			buildConfigurations = (
				B22D08BE276B6A50001F0BF9 /* Debug */,
				B22D08BF276B6A50001F0BF9 /* Release */,
			);
			defaultConfigurationIsVisible = 0;
			defaultConfigurationName = Release;
		};
/* End XCConfigurationList section */
	};
	rootObject = B22D0885276B6A4B001F0BF9 /* Project object */;
}
